
Microsoft Visual Studio Solution File, Format Version 12.00
# RemObjects Fire
Project("{656346D9-4656-40DA-A068-22D5425D4639}") = "Cooper.Tests", "Tests\Cooper.Tests.elements", "{E8A585D8-DC6C-4BFD-AA63-4DD2283F1928}"
EndProject
Project("{656346D9-4656-40DA-A068-22D5425D4639}") = "EUnit.Tests", "Tests\EUnit.Tests.elements", "{062AF122-311B-4667-8521-F401E4071128}"
EndProject
Project("{656346D9-4656-40DA-A068-22D5425D4639}") = "Toffee.Tests.OSX", "Tests\Toffee.Tests.OSX.elements", "{9992E91C-CCA6-4104-A667-CE6D3DF276A6}"
EndProject
Project("{656346D9-4656-40DA-A068-22D5425D4639}") = "Toffee.Tests.iOS", "Tests\Toffee.Tests.iOS.elements", "{C527D1A4-A181-4592-97A4-F598AFA9127C}"
EndProject
Project("{656346D9-4656-40DA-A068-22D5425D4639}") = "RemObjects.Elements.EUnit (.NET)", "RemObjects.Elements.EUnit.Echoes.elements", "{785CB531-318D-4DEF-80DC-23976103E3BF}"
EndProject
Project("{656346D9-4656-40DA-A068-22D5425D4639}") = "RemObjects.Elements.EUnit (Android)", "RemObjects.Elements.EUnit.Cooper.Android.elements", "{3D2BA357-4815-4E71-AEA3-3F5C3136F03B}"
EndProject
Project("{656346D9-4656-40DA-A068-22D5425D4639}") = "RemObjects.Elements.EUnit (Java)", "RemObjects.Elements.EUnit.Cooper.elements", "{B526C139-27D3-41E0-BA41-D858884841E4}"
EndProject
Project("{656346D9-4656-40DA-A068-22D5425D4639}") = "RemObjects.Elements.EUnit (macOS)", "RemObjects.Elements.EUnit.Toffee.macOS.elements", "{18E41908-BE34-4C8C-9CD8-732C692D93A5}"
EndProject
Project("{656346D9-4656-40DA-A068-22D5425D4639}") = "RemObjects.Elements.EUnit (iOS)", "RemObjects.Elements.EUnit.Toffee.iOS.elements", "{BC3B72A8-41A6-46EB-9544-FE8EE56F5FD1}"
EndProject
Project("{656346D9-4656-40DA-A068-22D5425D4639}") = "RemObjects.Elements.EUnit (tvOS)", "RemObjects.Elements.EUnit.Toffee.tvOS.elements", "{F3700AC2-54C1-4404-914F-ED08CBBF01E9}"
EndProject
Project("{656346D9-4656-40DA-A068-22D5425D4639}") = "RemObjects.Elements.EUnit (watchOS)", "RemObjects.Elements.EUnit.Toffee.watchOS.elements", "{77D6CD89-863F-441A-A7B3-12E3EC49DBA3}"
EndProject
Project("{656346D9-4656-40DA-A068-22D5425D4639}") = "cooper.tests.android", "Tests\Cooper.Tests.Android.elements", "{A0E4ED8C-EFB9-4F90-93FE-4C9A49052C40}"
EndProject
Global
	GlobalSection(SolutionConfigurationPlatforms) = preSolution
		Debug|AnyCPU = Debug|AnyCPU
		Release|AnyCPU = Release|AnyCPU
	EndGlobalSection
	GlobalSection(ProjectConfigurationPlatforms) = postSolution
		{E8A585D8-DC6C-4BFD-AA63-4DD2283F1928}.Debug|AnyCPU.ActiveCfg = Debug|AnyCPU
		{E8A585D8-DC6C-4BFD-AA63-4DD2283F1928}.Release|AnyCPU.ActiveCfg = Release|AnyCPU
		{062AF122-311B-4667-8521-F401E4071128}.Debug|AnyCPU.ActiveCfg = Debug|AnyCPU
		{062AF122-311B-4667-8521-F401E4071128}.Release|AnyCPU.ActiveCfg = Release|AnyCPU
		{9992E91C-CCA6-4104-A667-CE6D3DF276A6}.Debug|AnyCPU.ActiveCfg = Debug|AnyCPU
		{9992E91C-CCA6-4104-A667-CE6D3DF276A6}.Release|AnyCPU.ActiveCfg = Release|AnyCPU
		{C527D1A4-A181-4592-97A4-F598AFA9127C}.Debug|AnyCPU.ActiveCfg = Debug|AnyCPU
		{C527D1A4-A181-4592-97A4-F598AFA9127C}.Release|AnyCPU.ActiveCfg = Release|AnyCPU
		{785CB531-318D-4DEF-80DC-23976103E3BF}.Debug|AnyCPU.ActiveCfg = Debug|AnyCPU
		{785CB531-318D-4DEF-80DC-23976103E3BF}.Release|AnyCPU.ActiveCfg = Release|AnyCPU
		{3D2BA357-4815-4E71-AEA3-3F5C3136F03B}.Debug|AnyCPU.ActiveCfg = Debug|AnyCPU
		{3D2BA357-4815-4E71-AEA3-3F5C3136F03B}.Release|AnyCPU.ActiveCfg = Release|AnyCPU
		{B526C139-27D3-41E0-BA41-D858884841E4}.Debug|AnyCPU.ActiveCfg = Debug|AnyCPU
		{B526C139-27D3-41E0-BA41-D858884841E4}.Release|AnyCPU.ActiveCfg = Release|AnyCPU
		{18E41908-BE34-4C8C-9CD8-732C692D93A5}.Debug|AnyCPU.ActiveCfg = Debug|AnyCPU
		{18E41908-BE34-4C8C-9CD8-732C692D93A5}.Debug|AnyCPU.Build.0 = Debug|AnyCPU
		{18E41908-BE34-4C8C-9CD8-732C692D93A5}.Release|AnyCPU.ActiveCfg = Release|AnyCPU
		{18E41908-BE34-4C8C-9CD8-732C692D93A5}.Release|AnyCPU.Build.0 = Release|AnyCPU
		{BC3B72A8-41A6-46EB-9544-FE8EE56F5FD1}.Debug|AnyCPU.ActiveCfg = Debug|AnyCPU
		{BC3B72A8-41A6-46EB-9544-FE8EE56F5FD1}.Debug|AnyCPU.Build.0 = Debug|AnyCPU
		{BC3B72A8-41A6-46EB-9544-FE8EE56F5FD1}.Release|AnyCPU.ActiveCfg = Release|AnyCPU
		{BC3B72A8-41A6-46EB-9544-FE8EE56F5FD1}.Release|AnyCPU.Build.0 = Release|AnyCPU
		{F3700AC2-54C1-4404-914F-ED08CBBF01E9}.Debug|AnyCPU.ActiveCfg = Debug|AnyCPU
		{F3700AC2-54C1-4404-914F-ED08CBBF01E9}.Debug|AnyCPU.Build.0 = Debug|AnyCPU
		{F3700AC2-54C1-4404-914F-ED08CBBF01E9}.Release|AnyCPU.ActiveCfg = Release|AnyCPU
		{F3700AC2-54C1-4404-914F-ED08CBBF01E9}.Release|AnyCPU.Build.0 = Release|AnyCPU
		{77D6CD89-863F-441A-A7B3-12E3EC49DBA3}.Debug|AnyCPU.ActiveCfg = Debug|AnyCPU
		{77D6CD89-863F-441A-A7B3-12E3EC49DBA3}.Debug|AnyCPU.Build.0 = Debug|AnyCPU
		{77D6CD89-863F-441A-A7B3-12E3EC49DBA3}.Release|AnyCPU.ActiveCfg = Release|AnyCPU
		{77D6CD89-863F-441A-A7B3-12E3EC49DBA3}.Release|AnyCPU.Build.0 = Release|AnyCPU
		{A0E4ED8C-EFB9-4F90-93FE-4C9A49052C40}.Debug|AnyCPU.ActiveCfg = Debug|AnyCPU
		{A0E4ED8C-EFB9-4F90-93FE-4C9A49052C40}.Release|AnyCPU.ActiveCfg = Release|AnyCPU
	EndGlobalSection
	GlobalSection(SolutionProperties) = preSolution
		HideSolutionNode = FALSE
	EndGlobalSection
EndGlobal